
Microsoft Visual Studio Solution File, Format Version 12.00
# Visual Studio Version 16
VisualStudioVersion = 16.0.30804.86
MinimumVisualStudioVersion = 10.0.40219.1
Project("{FAE04EC0-301F-11D3-BF4B-00C04F79EFBC}") = "webApiViveVolar", "webApiViveVolar\webApiViveVolar.csproj", "{F35A6E99-3744-42B4-B667-4E4F82D60CEC}"
EndProject
Project("{FAE04EC0-301F-11D3-BF4B-00C04F79EFBC}") = "DataAccess", "DataAccess\DataAccess.csproj", "{892C103C-67EE-4D21-B773-E6833C3BA69B}"
EndProject
Global
	GlobalSection(SolutionConfigurationPlatforms) = preSolution
		Debug|Any CPU = Debug|Any CPU
		Release|Any CPU = Release|Any CPU
	EndGlobalSection
	GlobalSection(ProjectConfigurationPlatforms) = postSolution
		{F35A6E99-3744-42B4-B667-4E4F82D60CEC}.Debug|Any CPU.ActiveCfg = Debug|Any CPU
		{F35A6E99-3744-42B4-B667-4E4F82D60CEC}.Debug|Any CPU.Build.0 = Debug|Any CPU
		{F35A6E99-3744-42B4-B667-4E4F82D60CEC}.Release|Any CPU.ActiveCfg = Release|Any CPU
		{F35A6E99-3744-42B4-B667-4E4F82D60CEC}.Release|Any CPU.Build.0 = Release|Any CPU
		{892C103C-67EE-4D21-B773-E6833C3BA69B}.Debug|Any CPU.ActiveCfg = Debug|Any CPU
		{892C103C-67EE-4D21-B773-E6833C3BA69B}.Debug|Any CPU.Build.0 = Debug|Any CPU
		{892C103C-67EE-4D21-B773-E6833C3BA69B}.Release|Any CPU.ActiveCfg = Release|Any CPU
		{892C103C-67EE-4D21-B773-E6833C3BA69B}.Release|Any CPU.Build.0 = Release|Any CPU
	EndGlobalSection
	GlobalSection(SolutionProperties) = preSolution
		HideSolutionNode = FALSE
	EndGlobalSection
	GlobalSection(ExtensibilityGlobals) = postSolution
		SolutionGuid = {90168039-1DE8-453F-BB73-B8F29C043C60}
	EndGlobalSection
EndGlobal
